{
    "_readme": [
        "This file locks the dependencies of your project to a known state",
        "Read more about it at https://getcomposer.org/doc/01-basic-usage.md#composer-lock-the-lock-file",
        "This file is @generated automatically"
    ],
    "content-hash": "a1af14e41266755bf51c41d582d6089e",
    "packages": [
        {
            "name": "kevinlebrun/colors.php",
            "version": "0.2.0",
            "source": {
                "type": "git",
                "url": "https://github.com/kevinlebrun/colors.php.git",
                "reference": "b13d23b9365ece519abc0eaa77cd3061c5810d30"
            },
            "dist": {
                "type": "zip",
                "url": "https://api.github.com/repos/kevinlebrun/colors.php/zipball/b13d23b9365ece519abc0eaa77cd3061c5810d30",
                "reference": "b13d23b9365ece519abc0eaa77cd3061c5810d30",
                "shasum": ""
            },
            "require": {
                "php": ">=5.3.0"
            },
            "type": "library",
            "autoload": {
                "psr-0": {
                    "Colors": "lib/"
                }
            },
            "notification-url": "https://packagist.org/downloads/",
            "license": [
                "MIT"
            ],
            "authors": [
                {
                    "name": "Kevin Le Brun",
                    "email": "lebrun.k@gmail.com",
                    "homepage": "http://kevinlebrun.fr",
                    "role": "developer"
                }
            ],
            "description": "Colors for PHP CLI scripts",
            "homepage": "https://github.com/kevinlebrun/colors.php",
            "keywords": [
                "cli",
                "color",
                "colors",
                "console",
                "shell"
            ],
            "time": "2012-03-25T18:18:10+00:00"
        },
        {
            "name": "mikey179/vfsStream",
            "version": "v1.2.0",
            "source": {
                "type": "git",
                "url": "https://github.com/mikey179/vfsStream.git",
                "reference": "063fb10633f10c5ccbcac26227e94f46d9336f90"
            },
            "dist": {
                "type": "zip",
                "url": "https://api.github.com/repos/mikey179/vfsStream/zipball/063fb10633f10c5ccbcac26227e94f46d9336f90",
                "reference": "063fb10633f10c5ccbcac26227e94f46d9336f90",
                "shasum": ""
            },
            "require": {
                "php": ">=5.3.0"
            },
            "type": "library",
            "autoload": {
                "psr-0": {
                    "org\\bovigo\\vfs\\": "src/main/php"
                }
            },
            "notification-url": "https://packagist.org/downloads/",
            "license": [
                "BSD"
            ],
            "homepage": "http://vfs.bovigo.org/",
            "time": "2013-04-01T10:41:02+00:00"
        },
        {
            "name": "nategood/commando",
            "version": "0.2.6",
            "source": {
                "type": "git",
                "url": "https://github.com/nategood/commando.git",
                "reference": "d6c76c3478a5b90b4f1c79c7b3ca0dfe43ef77d6"
            },
            "dist": {
                "type": "zip",
                "url": "https://api.github.com/repos/nategood/commando/zipball/d6c76c3478a5b90b4f1c79c7b3ca0dfe43ef77d6",
                "reference": "d6c76c3478a5b90b4f1c79c7b3ca0dfe43ef77d6",
                "shasum": ""
            },
            "require": {
                "kevinlebrun/colors.php": "0.2.*",
                "php": ">=5.3"
            },
            "type": "library",
            "autoload": {
                "psr-0": {
                    "Commando": "src/"
                }
            },
            "notification-url": "https://packagist.org/downloads/",
            "license": [
                "MIT"
            ],
            "authors": [
                {
                    "name": "Nate Good",
                    "email": "me@nategood.com",
                    "homepage": "http://nategood.com"
                }
            ],
            "description": "PHP CLI Commando Style",
            "homepage": "http://github.com/nategood/commando",
            "keywords": [
                "automation",
                "cli",
                "command",
                "command line",
                "command line interface",
                "scripting"
            ],
            "time": "2014-05-14T01:19:26+00:00"
        },
        {
            "name": "nategood/httpful",
            "version": "0.2.13",
            "source": {
                "type": "git",
                "url": "https://github.com/nategood/httpful.git",
                "reference": "e923b8e3903bc81e9300a386fff1074364fb3bc1"
            },
            "dist": {
                "type": "zip",
                "url": "https://api.github.com/repos/nategood/httpful/zipball/e923b8e3903bc81e9300a386fff1074364fb3bc1",
                "reference": "e923b8e3903bc81e9300a386fff1074364fb3bc1",
                "shasum": ""
            },
            "require": {
                "ext-curl": "*",
                "php": ">=5.3"
            },
            "require-dev": {
                "phpunit/phpunit": "*"
            },
            "type": "library",
            "autoload": {
                "psr-0": {
                    "Httpful": "src/"
                }
            },
            "notification-url": "https://packagist.org/downloads/",
            "license": [
                "MIT"
            ],
            "authors": [
                {
                    "name": "Nate Good",
                    "email": "me@nategood.com",
                    "homepage": "http://nategood.com"
                }
            ],
            "description": "A Readable, Chainable, REST friendly, PHP HTTP Client",
            "homepage": "http://github.com/nategood/httpful",
            "keywords": [
                "api",
                "curl",
                "http",
                "requests",
                "rest",
                "restful"
            ],
            "time": "2014-05-21T10:58:38+00:00"
        }
    ],
    "packages-dev": [],
    "aliases": [],
    "minimum-stability": "stable",
    "stability-flags": [],
    "prefer-stable": false,
    "prefer-lowest": false,
    "platform": [],
    "platform-dev": []
}
